Microsoft Visual Studio Solution File, Format Version 11.00
# Visual Studio 2010
Project("{FAE04EC0-301F-11D3-BF4B-00C04F79EFBC}") = "Vortex.Interface", "Vortex2\Vortex.Interface\Vortex.Interface.csproj", "{6C96625B-4421-40B8-BB3D-9071FAFE1F33}"
EndProject
Project("{FAE04EC0-301F-11D3-BF4B-00C04F79EFBC}") = "Lidgren.Network", "Externals\Lidgren.Network\Lidgren.Network.csproj", "{49BA1C69-6104-41AC-A5D8-B54FA9F696E8}"
EndProject
Project("{2150E333-8FDC-42A3-9474-1A3956D46DE8}") = "Solution Items", "Solution Items", "{88870FFB-5D74-4CD3-9CB4-BF5A9A5DC941}"
EndProject
Project("{FAE04EC0-301F-11D3-BF4B-00C04F79EFBC}") = "GuiSandbox", "GuiSandbox\GuiSandbox.csproj", "{8F1547C8-5E49-40AC-B870-48562AF89633}"
EndProject
Project("{FAE04EC0-301F-11D3-BF4B-00C04F79EFBC}") = "Psy.Gui", "Psy\Psy.Gui\Psy.Gui.csproj", "{8AD04E63-795A-4A36-B9CA-EAB859B74166}"
EndProject
Project("{FAE04EC0-301F-11D3-BF4B-00C04F79EFBC}") = "Vortex", "Vortex2\Vortex\Vortex.csproj", "{D5456FE6-816A-4C47-AD19-0244F1CB56DE}"
EndProject
Project("{FAE04EC0-301F-11D3-BF4B-00C04F79EFBC}") = "Vortex.Client", "Vortex2\Vortex.Client\Vortex.Client.csproj", "{5C3246CD-1854-40A5-BCF5-E026805A8C04}"
EndProject
Project("{FAE04EC0-301F-11D3-BF4B-00C04F79EFBC}") = "Vortex.Server", "Vortex2\Vortex.Server\Vortex.Server.csproj", "{E60B4FD0-37E2-4AAA-84B5-2822C809886E}"
EndProject
Project("{FAE04EC0-301F-11D3-BF4B-00C04F79EFBC}") = "Psy.Windows", "Psy\Psy.Windows\Psy.Windows.csproj", "{E96D155C-F3EB-4152-A9F1-9D7A047100C9}"
EndProject
Project("{FAE04EC0-301F-11D3-BF4B-00C04F79EFBC}") = "Psy.Core", "Psy\Psy.Core\Psy.Core.csproj", "{F6C48801-4391-4606-BB2A-1C38FABA8A30}"
EndProject
Project("{FAE04EC0-301F-11D3-BF4B-00C04F79EFBC}") = "Vortex.Renderer", "Vortex2\Vortex.Renderer\Vortex.Renderer.csproj", "{5ABF0CB4-C6B9-42E5-98A8-69CFCBFC85E2}"
EndProject
Project("{FAE04EC0-301F-11D3-BF4B-00C04F79EFBC}") = "Psy.Graphics", "Psy\Psy.Graphics\Psy.Graphics.csproj", "{C0220DAC-1CAA-4A47-93E4-106C850D4232}"
EndProject
Project("{2150E333-8FDC-42A3-9474-1A3956D46DE8}") = "Externals", "Externals", "{9DC69747-AB70-4FC2-9247-881090C44AD7}"
EndProject
Project("{FAE04EC0-301F-11D3-BF4B-00C04F79EFBC}") = "OggVorbisDecoder", "Externals\OggDecoder\OggVorbisDecoder\OggVorbisDecoder.csproj", "{1086B3A5-D9CB-464A-B8F1-1E262468D77B}"
EndProject
Project("{FAE04EC0-301F-11D3-BF4B-00C04F79EFBC}") = "Outbreak.Server", "OutbreakServer\Outbreak.Server.csproj", "{B82A75F1-F361-4789-BE86-703FEF8FA3D0}"
EndProject
Project("{FAE04EC0-301F-11D3-BF4B-00C04F79EFBC}") = "Outbreak.Client", "OutbreakClient\Outbreak.Client.csproj", "{4E80BB0A-3AF7-4237-8A43-93048808537C}"
EndProject
Project("{FAE04EC0-301F-11D3-BF4B-00C04F79EFBC}") = "Outbreak", "Outbreak\Outbreak.csproj", "{040CCD7F-A0E3-4B8F-B2D9-47EF67828E9B}"
EndProject
Project("{2150E333-8FDC-42A3-9474-1A3956D46DE8}") = "Tools", "Tools", "{2D3CE891-C737-4F47-BC14-A9F2B3A5DD05}"
EndProject
Project("{FAE04EC0-301F-11D3-BF4B-00C04F79EFBC}") = "Psy.Gui.Renderer", "Psy\Psy.Gui.Renderer\Psy.Gui.Renderer.csproj", "{B977B767-FACE-494B-B7E7-F473F506D4AE}"
EndProject
Project("{2150E333-8FDC-42A3-9474-1A3956D46DE8}") = "Tests", "Tests", "{0E211EEB-D33B-441D-983E-05E52DF3D0A2}"
EndProject
Project("{FAE04EC0-301F-11D3-BF4B-00C04F79EFBC}") = "EngineTests", "EngineTests\EngineTests.csproj", "{B0E5C030-5713-42FE-998D-805D5EE6CBE8}"
EndProject
Project("{FAE04EC0-301F-11D3-BF4B-00C04F79EFBC}") = "GameTests", "GameTests\GameTests.csproj", "{12C55E53-E77A-40CF-8968-A8E9014C0BBF}"
EndProject
Project("{FAE04EC0-301F-11D3-BF4B-00C04F79EFBC}") = "LogViewer", "LogViewer\LogViewer.csproj", "{AD306E6E-E26B-4ED3-AA65-C1D99ACAA9C1}"
EndProject
Project("{FAE04EC0-301F-11D3-BF4B-00C04F79EFBC}") = "Launcher", "Launcher\Launcher.csproj", "{AC8FBD76-7B13-4CD1-AE4A-0B4C2D680A6B}"
EndProject
Project("{2150E333-8FDC-42A3-9474-1A3956D46DE8}") = "DefaultConfigs", "DefaultConfigs", "{CA3E96C1-29C2-4A89-8DD9-B465B1389CA2}"
	ProjectSection(SolutionItems) = preProject
		DefaultConfigs\client.cfg = DefaultConfigs\client.cfg
		DefaultConfigs\engine.cfg = DefaultConfigs\engine.cfg
		DefaultConfigs\keybinds.cfg = DefaultConfigs\keybinds.cfg
		DefaultConfigs\launcher.cfg = DefaultConfigs\launcher.cfg
		DefaultConfigs\outbreak-mod-launcher.cfg = DefaultConfigs\outbreak-mod-launcher.cfg
		DefaultConfigs\outbreak-mod.cfg = DefaultConfigs\outbreak-mod.cfg
		DefaultConfigs\player.cfg = DefaultConfigs\player.cfg
		DefaultConfigs\server.cfg = DefaultConfigs\server.cfg
		DefaultConfigs\versions.dat = DefaultConfigs\versions.dat
	EndProjectSection
EndProject
Project("{FAE04EC0-301F-11D3-BF4B-00C04F79EFBC}") = "BiomeGen", "WorldGeneration\BiomeGen\BiomeGen.csproj", "{888D390E-C76A-459A-8029-141C342FBC89}"
EndProject
Project("{FAE04EC0-301F-11D3-BF4B-00C04F79EFBC}") = "BiomeGenerator", "WorldGeneration\BiomeGenerator\BiomeGenerator.csproj", "{C3419D8F-F049-45C0-90FA-FEABFC866FDA}"
EndProject
Project("{FAE04EC0-301F-11D3-BF4B-00C04F79EFBC}") = "Outbreak.BiomeGen", "WorldGeneration\Outbreak.BiomeGen\Outbreak.BiomeGen.csproj", "{02FAF5C2-62BF-4310-B2C5-0F4F991DF0C8}"
EndProject
Project("{FAE04EC0-301F-11D3-BF4B-00C04F79EFBC}") = "EpicEdit", "EpicEdit\EpicEdit.csproj", "{179D70D1-36DE-42F2-BFF0-EA7E49770491}"
EndProject
Project("{FAE04EC0-301F-11D3-BF4B-00C04F79EFBC}") = "SlimMath", "Externals\SlimMath\SlimMath.csproj", "{820FE441-822F-4519-994B-04F1DE27FF15}"
EndProject
Project("{FAE04EC0-301F-11D3-BF4B-00C04F79EFBC}") = "Psy.Graphics.DirectX", "Psy\Psy.Graphics.DirectX\Psy.Graphics.DirectX.csproj", "{7ADEACAE-E687-49F9-8550-F8F28D964F77}"
EndProject
Project("{FAE04EC0-301F-11D3-BF4B-00C04F79EFBC}") = "Psy.Graphics.OpenGL", "Psy\Psy.Graphics.OpenGL\Psy.Graphics.OpenGL.csproj", "{BED646D7-37DC-4734-A152-2ED934B6E29D}"
EndProject
Project("{FAE04EC0-301F-11D3-BF4B-00C04F79EFBC}") = "QuickFont", "Externals\QuickFont\QuickFont.csproj", "{BBECE6FC-EF63-40F8-A734-A500D1DFC1AF}"
EndProject
Global
	GlobalSection(SolutionConfigurationPlatforms) = preSolution
		Debug|x86 = Debug|x86
		Release|x86 = Release|x86
	EndGlobalSection
	GlobalSection(ProjectConfigurationPlatforms) = postSolution
		{6C96625B-4421-40B8-BB3D-9071FAFE1F33}.Debug|x86.ActiveCfg = Debug|x86
		{6C96625B-4421-40B8-BB3D-9071FAFE1F33}.Debug|x86.Build.0 = Debug|x86
		{6C96625B-4421-40B8-BB3D-9071FAFE1F33}.Release|x86.ActiveCfg = Release|x86
		{6C96625B-4421-40B8-BB3D-9071FAFE1F33}.Release|x86.Build.0 = Release|x86
		{49BA1C69-6104-41AC-A5D8-B54FA9F696E8}.Debug|x86.ActiveCfg = Debug|x86
		{49BA1C69-6104-41AC-A5D8-B54FA9F696E8}.Debug|x86.Build.0 = Debug|x86
		{49BA1C69-6104-41AC-A5D8-B54FA9F696E8}.Release|x86.ActiveCfg = Release|x86
		{49BA1C69-6104-41AC-A5D8-B54FA9F696E8}.Release|x86.Build.0 = Release|x86
		{8F1547C8-5E49-40AC-B870-48562AF89633}.Debug|x86.ActiveCfg = Debug|x86
		{8F1547C8-5E49-40AC-B870-48562AF89633}.Debug|x86.Build.0 = Debug|x86
		{8F1547C8-5E49-40AC-B870-48562AF89633}.Release|x86.ActiveCfg = Release|x86
		{8F1547C8-5E49-40AC-B870-48562AF89633}.Release|x86.Build.0 = Release|x86
		{8AD04E63-795A-4A36-B9CA-EAB859B74166}.Debug|x86.ActiveCfg = Debug|x86
		{8AD04E63-795A-4A36-B9CA-EAB859B74166}.Debug|x86.Build.0 = Debug|x86
		{8AD04E63-795A-4A36-B9CA-EAB859B74166}.Release|x86.ActiveCfg = Release|x86
		{8AD04E63-795A-4A36-B9CA-EAB859B74166}.Release|x86.Build.0 = Release|x86
		{D5456FE6-816A-4C47-AD19-0244F1CB56DE}.Debug|x86.ActiveCfg = Debug|x86
		{D5456FE6-816A-4C47-AD19-0244F1CB56DE}.Debug|x86.Build.0 = Debug|x86
		{D5456FE6-816A-4C47-AD19-0244F1CB56DE}.Release|x86.ActiveCfg = Release|x86
		{D5456FE6-816A-4C47-AD19-0244F1CB56DE}.Release|x86.Build.0 = Release|x86
		{5C3246CD-1854-40A5-BCF5-E026805A8C04}.Debug|x86.ActiveCfg = Debug|x86
		{5C3246CD-1854-40A5-BCF5-E026805A8C04}.Debug|x86.Build.0 = Debug|x86
		{5C3246CD-1854-40A5-BCF5-E026805A8C04}.Release|x86.ActiveCfg = Release|x86
		{5C3246CD-1854-40A5-BCF5-E026805A8C04}.Release|x86.Build.0 = Release|x86
		{E60B4FD0-37E2-4AAA-84B5-2822C809886E}.Debug|x86.ActiveCfg = Debug|x86
		{E60B4FD0-37E2-4AAA-84B5-2822C809886E}.Debug|x86.Build.0 = Debug|x86
		{E60B4FD0-37E2-4AAA-84B5-2822C809886E}.Release|x86.ActiveCfg = Release|x86
		{E60B4FD0-37E2-4AAA-84B5-2822C809886E}.Release|x86.Build.0 = Release|x86
		{E96D155C-F3EB-4152-A9F1-9D7A047100C9}.Debug|x86.ActiveCfg = Debug|x86
		{E96D155C-F3EB-4152-A9F1-9D7A047100C9}.Debug|x86.Build.0 = Debug|x86
		{E96D155C-F3EB-4152-A9F1-9D7A047100C9}.Release|x86.ActiveCfg = Release|x86
		{E96D155C-F3EB-4152-A9F1-9D7A047100C9}.Release|x86.Build.0 = Release|x86
		{F6C48801-4391-4606-BB2A-1C38FABA8A30}.Debug|x86.ActiveCfg = Debug|x86
		{F6C48801-4391-4606-BB2A-1C38FABA8A30}.Debug|x86.Build.0 = Debug|x86
		{F6C48801-4391-4606-BB2A-1C38FABA8A30}.Release|x86.ActiveCfg = Release|x86
		{F6C48801-4391-4606-BB2A-1C38FABA8A30}.Release|x86.Build.0 = Release|x86
		{5ABF0CB4-C6B9-42E5-98A8-69CFCBFC85E2}.Debug|x86.ActiveCfg = Debug|x86
		{5ABF0CB4-C6B9-42E5-98A8-69CFCBFC85E2}.Debug|x86.Build.0 = Debug|x86
		{5ABF0CB4-C6B9-42E5-98A8-69CFCBFC85E2}.Release|x86.ActiveCfg = Release|x86
		{5ABF0CB4-C6B9-42E5-98A8-69CFCBFC85E2}.Release|x86.Build.0 = Release|x86
		{C0220DAC-1CAA-4A47-93E4-106C850D4232}.Debug|x86.ActiveCfg = Debug|x86
		{C0220DAC-1CAA-4A47-93E4-106C850D4232}.Debug|x86.Build.0 = Debug|x86
		{C0220DAC-1CAA-4A47-93E4-106C850D4232}.Release|x86.ActiveCfg = Release|x86
		{C0220DAC-1CAA-4A47-93E4-106C850D4232}.Release|x86.Build.0 = Release|x86
		{1086B3A5-D9CB-464A-B8F1-1E262468D77B}.Debug|x86.ActiveCfg = Debug|x86
		{1086B3A5-D9CB-464A-B8F1-1E262468D77B}.Debug|x86.Build.0 = Debug|x86
		{1086B3A5-D9CB-464A-B8F1-1E262468D77B}.Release|x86.ActiveCfg = Release|x86
		{1086B3A5-D9CB-464A-B8F1-1E262468D77B}.Release|x86.Build.0 = Release|x86
		{B82A75F1-F361-4789-BE86-703FEF8FA3D0}.Debug|x86.ActiveCfg = Debug|x86
		{B82A75F1-F361-4789-BE86-703FEF8FA3D0}.Debug|x86.Build.0 = Debug|x86
		{B82A75F1-F361-4789-BE86-703FEF8FA3D0}.Release|x86.ActiveCfg = Release|x86
		{B82A75F1-F361-4789-BE86-703FEF8FA3D0}.Release|x86.Build.0 = Release|x86
		{4E80BB0A-3AF7-4237-8A43-93048808537C}.Debug|x86.ActiveCfg = Debug|x86
		{4E80BB0A-3AF7-4237-8A43-93048808537C}.Debug|x86.Build.0 = Debug|x86
		{4E80BB0A-3AF7-4237-8A43-93048808537C}.Release|x86.ActiveCfg = Release|x86
		{4E80BB0A-3AF7-4237-8A43-93048808537C}.Release|x86.Build.0 = Release|x86
		{040CCD7F-A0E3-4B8F-B2D9-47EF67828E9B}.Debug|x86.ActiveCfg = Debug|x86
		{040CCD7F-A0E3-4B8F-B2D9-47EF67828E9B}.Debug|x86.Build.0 = Debug|x86
		{040CCD7F-A0E3-4B8F-B2D9-47EF67828E9B}.Release|x86.ActiveCfg = Release|x86
		{040CCD7F-A0E3-4B8F-B2D9-47EF67828E9B}.Release|x86.Build.0 = Release|x86
		{B977B767-FACE-494B-B7E7-F473F506D4AE}.Debug|x86.ActiveCfg = Debug|x86
		{B977B767-FACE-494B-B7E7-F473F506D4AE}.Debug|x86.Build.0 = Debug|x86
		{B977B767-FACE-494B-B7E7-F473F506D4AE}.Release|x86.ActiveCfg = Release|x86
		{B977B767-FACE-494B-B7E7-F473F506D4AE}.Release|x86.Build.0 = Release|x86
		{B0E5C030-5713-42FE-998D-805D5EE6CBE8}.Debug|x86.ActiveCfg = Debug|x86
		{B0E5C030-5713-42FE-998D-805D5EE6CBE8}.Debug|x86.Build.0 = Debug|x86
		{B0E5C030-5713-42FE-998D-805D5EE6CBE8}.Release|x86.ActiveCfg = Release|x86
		{B0E5C030-5713-42FE-998D-805D5EE6CBE8}.Release|x86.Build.0 = Release|x86
		{12C55E53-E77A-40CF-8968-A8E9014C0BBF}.Debug|x86.ActiveCfg = Debug|x86
		{12C55E53-E77A-40CF-8968-A8E9014C0BBF}.Debug|x86.Build.0 = Debug|x86
		{12C55E53-E77A-40CF-8968-A8E9014C0BBF}.Release|x86.ActiveCfg = Release|x86
		{12C55E53-E77A-40CF-8968-A8E9014C0BBF}.Release|x86.Build.0 = Release|x86
		{AD306E6E-E26B-4ED3-AA65-C1D99ACAA9C1}.Debug|x86.ActiveCfg = Debug|x86
		{AD306E6E-E26B-4ED3-AA65-C1D99ACAA9C1}.Debug|x86.Build.0 = Debug|x86
		{AD306E6E-E26B-4ED3-AA65-C1D99ACAA9C1}.Release|x86.ActiveCfg = Release|x86
		{AD306E6E-E26B-4ED3-AA65-C1D99ACAA9C1}.Release|x86.Build.0 = Release|x86
		{AC8FBD76-7B13-4CD1-AE4A-0B4C2D680A6B}.Debug|x86.ActiveCfg = Debug|x86
		{AC8FBD76-7B13-4CD1-AE4A-0B4C2D680A6B}.Debug|x86.Build.0 = Debug|x86
		{AC8FBD76-7B13-4CD1-AE4A-0B4C2D680A6B}.Release|x86.ActiveCfg = Release|x86
		{AC8FBD76-7B13-4CD1-AE4A-0B4C2D680A6B}.Release|x86.Build.0 = Release|x86
		{888D390E-C76A-459A-8029-141C342FBC89}.Debug|x86.ActiveCfg = Debug|x86
		{888D390E-C76A-459A-8029-141C342FBC89}.Debug|x86.Build.0 = Debug|x86
		{888D390E-C76A-459A-8029-141C342FBC89}.Release|x86.ActiveCfg = Release|x86
		{888D390E-C76A-459A-8029-141C342FBC89}.Release|x86.Build.0 = Release|x86
		{C3419D8F-F049-45C0-90FA-FEABFC866FDA}.Debug|x86.ActiveCfg = Debug|x86
		{C3419D8F-F049-45C0-90FA-FEABFC866FDA}.Debug|x86.Build.0 = Debug|x86
		{C3419D8F-F049-45C0-90FA-FEABFC866FDA}.Release|x86.ActiveCfg = Release|x86
		{C3419D8F-F049-45C0-90FA-FEABFC866FDA}.Release|x86.Build.0 = Release|x86
		{02FAF5C2-62BF-4310-B2C5-0F4F991DF0C8}.Debug|x86.ActiveCfg = Debug|x86
		{02FAF5C2-62BF-4310-B2C5-0F4F991DF0C8}.Debug|x86.Build.0 = Debug|x86
		{02FAF5C2-62BF-4310-B2C5-0F4F991DF0C8}.Release|x86.ActiveCfg = Release|x86
		{02FAF5C2-62BF-4310-B2C5-0F4F991DF0C8}.Release|x86.Build.0 = Release|x86
		{179D70D1-36DE-42F2-BFF0-EA7E49770491}.Debug|x86.ActiveCfg = Debug|x86
		{179D70D1-36DE-42F2-BFF0-EA7E49770491}.Debug|x86.Build.0 = Debug|x86
		{179D70D1-36DE-42F2-BFF0-EA7E49770491}.Release|x86.ActiveCfg = Release|x86
		{179D70D1-36DE-42F2-BFF0-EA7E49770491}.Release|x86.Build.0 = Release|x86
		{820FE441-822F-4519-994B-04F1DE27FF15}.Debug|x86.ActiveCfg = Debug|x86
		{820FE441-822F-4519-994B-04F1DE27FF15}.Debug|x86.Build.0 = Debug|x86
		{820FE441-822F-4519-994B-04F1DE27FF15}.Release|x86.ActiveCfg = Release|x86
		{820FE441-822F-4519-994B-04F1DE27FF15}.Release|x86.Build.0 = Release|x86
		{7ADEACAE-E687-49F9-8550-F8F28D964F77}.Debug|x86.ActiveCfg = Debug|x86
		{7ADEACAE-E687-49F9-8550-F8F28D964F77}.Debug|x86.Build.0 = Debug|x86
		{7ADEACAE-E687-49F9-8550-F8F28D964F77}.Release|x86.ActiveCfg = Release|x86
		{7ADEACAE-E687-49F9-8550-F8F28D964F77}.Release|x86.Build.0 = Release|x86
		{BED646D7-37DC-4734-A152-2ED934B6E29D}.Debug|x86.ActiveCfg = Debug|x86
		{BED646D7-37DC-4734-A152-2ED934B6E29D}.Debug|x86.Build.0 = Debug|x86
		{BED646D7-37DC-4734-A152-2ED934B6E29D}.Release|x86.ActiveCfg = Release|x86
		{BED646D7-37DC-4734-A152-2ED934B6E29D}.Release|x86.Build.0 = Release|x86
		{BBECE6FC-EF63-40F8-A734-A500D1DFC1AF}.Debug|x86.ActiveCfg = Debug|x86
		{BBECE6FC-EF63-40F8-A734-A500D1DFC1AF}.Debug|x86.Build.0 = Debug|x86
		{BBECE6FC-EF63-40F8-A734-A500D1DFC1AF}.Release|x86.ActiveCfg = Release|x86
		{BBECE6FC-EF63-40F8-A734-A500D1DFC1AF}.Release|x86.Build.0 = Release|x86
	EndGlobalSection
	GlobalSection(SolutionProperties) = preSolution
		HideSolutionNode = FALSE
	EndGlobalSection
	GlobalSection(NestedProjects) = preSolution
		{49BA1C69-6104-41AC-A5D8-B54FA9F696E8} = {9DC69747-AB70-4FC2-9247-881090C44AD7}
		{1086B3A5-D9CB-464A-B8F1-1E262468D77B} = {9DC69747-AB70-4FC2-9247-881090C44AD7}
		{820FE441-822F-4519-994B-04F1DE27FF15} = {9DC69747-AB70-4FC2-9247-881090C44AD7}
		{BBECE6FC-EF63-40F8-A734-A500D1DFC1AF} = {9DC69747-AB70-4FC2-9247-881090C44AD7}
		{8F1547C8-5E49-40AC-B870-48562AF89633} = {2D3CE891-C737-4F47-BC14-A9F2B3A5DD05}
		{AD306E6E-E26B-4ED3-AA65-C1D99ACAA9C1} = {2D3CE891-C737-4F47-BC14-A9F2B3A5DD05}
		{C3419D8F-F049-45C0-90FA-FEABFC866FDA} = {2D3CE891-C737-4F47-BC14-A9F2B3A5DD05}
		{179D70D1-36DE-42F2-BFF0-EA7E49770491} = {2D3CE891-C737-4F47-BC14-A9F2B3A5DD05}
		{B0E5C030-5713-42FE-998D-805D5EE6CBE8} = {0E211EEB-D33B-441D-983E-05E52DF3D0A2}
		{12C55E53-E77A-40CF-8968-A8E9014C0BBF} = {0E211EEB-D33B-441D-983E-05E52DF3D0A2}
	EndGlobalSection
	GlobalSection(SubversionScc) = preSolution
		Svn-Managed = True
		Manager = AnkhSVN - Subversion Support for Visual Studio
	EndGlobalSection
EndGlobal
